
Microsoft Visual Studio Solution File, Format Version 12.00
# Visual Studio Version 16
VisualStudioVersion = 16.0.31112.23
MinimumVisualStudioVersion = 10.0.40219.1
Project("{9A19103F-16F7-4668-BE54-9A1E7A4F7556}") = "FoodWorld.Web", "FoodWorld.Web\FoodWorld.Web.csproj", "{683B6FE2-6EF7-46C7-9761-43C4B320BC21}"
EndProject
Project("{FAE04EC0-301F-11D3-BF4B-00C04F79EFBC}") = "FoodWorld.Core", "FoodWorld.Core\FoodWorld.Core.csproj", "{8FF6D9E2-6FA5-41B3-B475-5AE6C6E11F8C}"
EndProject
Project("{FAE04EC0-301F-11D3-BF4B-00C04F79EFBC}") = "FoodWorld.Data", "FoodWorld.Data\FoodWorld.Data.csproj", "{585F41DA-6FCC-4FC0-AE7E-22AF67314F5B}"
EndProject
Global
	GlobalSection(SolutionConfigurationPlatforms) = preSolution
		Debug|Any CPU = Debug|Any CPU
		Release|Any CPU = Release|Any CPU
	EndGlobalSection
	GlobalSection(ProjectConfigurationPlatforms) = postSolution
		{683B6FE2-6EF7-46C7-9761-43C4B320BC21}.Debug|Any CPU.ActiveCfg = Debug|Any CPU
		{683B6FE2-6EF7-46C7-9761-43C4B320BC21}.Debug|Any CPU.Build.0 = Debug|Any CPU
		{683B6FE2-6EF7-46C7-9761-43C4B320BC21}.Release|Any CPU.ActiveCfg = Release|Any CPU
		{683B6FE2-6EF7-46C7-9761-43C4B320BC21}.Release|Any CPU.Build.0 = Release|Any CPU
		{8FF6D9E2-6FA5-41B3-B475-5AE6C6E11F8C}.Debug|Any CPU.ActiveCfg = Debug|Any CPU
		{8FF6D9E2-6FA5-41B3-B475-5AE6C6E11F8C}.Debug|Any CPU.Build.0 = Debug|Any CPU
		{8FF6D9E2-6FA5-41B3-B475-5AE6C6E11F8C}.Release|Any CPU.ActiveCfg = Release|Any CPU
		{8FF6D9E2-6FA5-41B3-B475-5AE6C6E11F8C}.Release|Any CPU.Build.0 = Release|Any CPU
		{585F41DA-6FCC-4FC0-AE7E-22AF67314F5B}.Debug|Any CPU.ActiveCfg = Debug|Any CPU
		{585F41DA-6FCC-4FC0-AE7E-22AF67314F5B}.Debug|Any CPU.Build.0 = Debug|Any CPU
		{585F41DA-6FCC-4FC0-AE7E-22AF67314F5B}.Release|Any CPU.ActiveCfg = Release|Any CPU
		{585F41DA-6FCC-4FC0-AE7E-22AF67314F5B}.Release|Any CPU.Build.0 = Release|Any CPU
	EndGlobalSection
	GlobalSection(SolutionProperties) = preSolution
		HideSolutionNode = FALSE
	EndGlobalSection
	GlobalSection(ExtensibilityGlobals) = postSolution
		SolutionGuid = {F21E2980-38CA-470E-9D4E-F574340446F7}
	EndGlobalSection
EndGlobal
